
Microsoft Visual Studio Solution File, Format Version 12.00
# Visual Studio 15
Project("{FAE04EC0-301F-11D3-BF4B-00C04F79EFBC}") = "SparkFuzzySQL.Runner", "SparkFuzzySQL.Runner\SparkFuzzySQL.Runner.csproj", "{BE3862E9-EDB7-4991-9E95-ECE10A50B069}"
EndProject
Project("{FAE04EC0-301F-11D3-BF4B-00C04F79EFBC}") = "SparkFuzzySQL.Worker", "SparkFuzzySQL.Worker\SparkFuzzySQL.Worker.csproj", "{DDBD6DEB-6A2D-45F5-BCD0-8FB13C7383B9}"
EndProject
Project("{FAE04EC0-301F-11D3-BF4B-00C04F79EFBC}") = "SparkFuzzySQL.Extensions", "SparkFuzzySQL.Extensions\SparkFuzzySQL.Extensions.csproj", "{42029A15-76E0-4383-9C35-E83AC58BF3BD}"
EndProject
Global
	GlobalSection(SolutionConfigurationPlatforms) = preSolution
		Debug|Any CPU = Debug|Any CPU
		Release|Any CPU = Release|Any CPU
	EndGlobalSection
	GlobalSection(ProjectConfigurationPlatforms) = postSolution
		{BE3862E9-EDB7-4991-9E95-ECE10A50B069}.Debug|Any CPU.ActiveCfg = Debug|Any CPU
		{BE3862E9-EDB7-4991-9E95-ECE10A50B069}.Debug|Any CPU.Build.0 = Debug|Any CPU
		{BE3862E9-EDB7-4991-9E95-ECE10A50B069}.Release|Any CPU.ActiveCfg = Release|Any CPU
		{BE3862E9-EDB7-4991-9E95-ECE10A50B069}.Release|Any CPU.Build.0 = Release|Any CPU
		{DDBD6DEB-6A2D-45F5-BCD0-8FB13C7383B9}.Debug|Any CPU.ActiveCfg = Debug|Any CPU
		{DDBD6DEB-6A2D-45F5-BCD0-8FB13C7383B9}.Debug|Any CPU.Build.0 = Debug|Any CPU
		{DDBD6DEB-6A2D-45F5-BCD0-8FB13C7383B9}.Release|Any CPU.ActiveCfg = Release|Any CPU
		{DDBD6DEB-6A2D-45F5-BCD0-8FB13C7383B9}.Release|Any CPU.Build.0 = Release|Any CPU
		{42029A15-76E0-4383-9C35-E83AC58BF3BD}.Debug|Any CPU.ActiveCfg = Debug|Any CPU
		{42029A15-76E0-4383-9C35-E83AC58BF3BD}.Debug|Any CPU.Build.0 = Debug|Any CPU
		{42029A15-76E0-4383-9C35-E83AC58BF3BD}.Release|Any CPU.ActiveCfg = Release|Any CPU
		{42029A15-76E0-4383-9C35-E83AC58BF3BD}.Release|Any CPU.Build.0 = Release|Any CPU
	EndGlobalSection
EndGlobal
